// !$*UTF8*$!
{
	archiveVersion = 1;
	classes = {
	};
	objectVersion = 46;
	objects = {

/* Begin PBXBuildFile section */
		3823306B197763CB009E6E41 /* Foundation.framework in Frameworks */ = {isa = PBXBuildFile; fileRef = 3823306A197763CB009E6E41 /* Foundation.framework */; };
		3823306D197763CB009E6E41 /* CoreGraphics.framework in Frameworks */ = {isa = PBXBuildFile; fileRef = 3823306C197763CB009E6E41 /* CoreGraphics.framework */; };
		3823306F197763CB009E6E41 /* UIKit.framework in Frameworks */ = {isa = PBXBuildFile; fileRef = 3823306E197763CB009E6E41 /* UIKit.framework */; };
		38233075197763CB009E6E41 /* InfoPlist.strings in Resources */ = {isa = PBXBuildFile; fileRef = 38233073197763CB009E6E41 /* InfoPlist.strings */; };
		38233077197763CB009E6E41 /* main.m in Sources */ = {isa = PBXBuildFile; fileRef = 38233076197763CB009E6E41 /* main.m */; };
		3823307B197763CB009E6E41 /* AppDelegate.m in Sources */ = {isa = PBXBuildFile; fileRef = 3823307A197763CB009E6E41 /* AppDelegate.m */; };
		3823307E197763CB009E6E41 /* Main.storyboard in Resources */ = {isa = PBXBuildFile; fileRef = 3823307C197763CB009E6E41 /* Main.storyboard */; };
		38233081197763CB009E6E41 /* CurrentViewController.m in Sources */ = {isa = PBXBuildFile; fileRef = 38233080197763CB009E6E41 /* CurrentViewController.m */; };
		38233084197763CB009E6E41 /* SecondViewController.m in Sources */ = {isa = PBXBuildFile; fileRef = 38233083197763CB009E6E41 /* SecondViewController.m */; };
		38233086197763CC009E6E41 /* Images.xcassets in Resources */ = {isa = PBXBuildFile; fileRef = 38233085197763CC009E6E41 /* Images.xcassets */; };
		3823308D197763CC009E6E41 /* XCTest.framework in Frameworks */ = {isa = PBXBuildFile; fileRef = 3823308C197763CC009E6E41 /* XCTest.framework */; };
		3823308E197763CC009E6E41 /* Foundation.framework in Frameworks */ = {isa = PBXBuildFile; fileRef = 3823306A197763CB009E6E41 /* Foundation.framework */; };
		3823308F197763CC009E6E41 /* UIKit.framework in Frameworks */ = {isa = PBXBuildFile; fileRef = 3823306E197763CB009E6E41 /* UIKit.framework */; };
		38233097197763CC009E6E41 /* InfoPlist.strings in Resources */ = {isa = PBXBuildFile; fileRef = 38233095197763CC009E6E41 /* InfoPlist.strings */; };
		38233099197763CC009E6E41 /* MyLocationsTests.m in Sources */ = {isa = PBXBuildFile; fileRef = 38233098197763CC009E6E41 /* MyLocationsTests.m */; };
		382330A619776D94009E6E41 /* CoreLocation.framework in Frameworks */ = {isa = PBXBuildFile; fileRef = 382330A519776D94009E6E41 /* CoreLocation.framework */; };
/* End PBXBuildFile section */

/* Begin PBXContainerItemProxy section */
		38233090197763CC009E6E41 /* PBXContainerItemProxy */ = {
			isa = PBXContainerItemProxy;
			containerPortal = 3823305F197763CB009E6E41 /* Project object */;
			proxyType = 1;
			remoteGlobalIDString = 38233066197763CB009E6E41;
			remoteInfo = MyLocations;
		};
/* End PBXContainerItemProxy section */

/* Begin PBXFileReference section */
		38233067197763CB009E6E41 /* MyLocations.app */ = {isa = PBXFileReference; explicitFileType = wrapper.application; includeInIndex = 0; path = MyLocations.app; sourceTree = BUILT_PRODUCTS_DIR; };
		3823306A197763CB009E6E41 /* Foundation.framework */ = {isa = PBXFileReference; lastKnownFileType = wrapper.framework; name = Foundation.framework; path = System/Library/Frameworks/Foundation.framework; sourceTree = SDKROOT; };
		3823306C197763CB009E6E41 /* CoreGraphics.framework */ = {isa = PBXFileReference; lastKnownFileType = wrapper.framework; name = CoreGraphics.framework; path = System/Library/Frameworks/CoreGraphics.framework; sourceTree = SDKROOT; };
		3823306E197763CB009E6E41 /* UIKit.framework */ = {isa = PBXFileReference; lastKnownFileType = wrapper.framework; name = UIKit.framework; path = System/Library/Frameworks/UIKit.framework; sourceTree = SDKROOT; };
		38233072197763CB009E6E41 /* MyLocations-Info.plist */ = {isa = PBXFileReference; lastKnownFileType = text.plist.xml; path = "MyLocations-Info.plist"; sourceTree = "<group>"; };
		38233074197763CB009E6E41 /* en */ = {isa = PBXFileReference; lastKnownFileType = text.plist.strings; name = en; path = en.lproj/InfoPlist.strings; sourceTree = "<group>"; };
		38233076197763CB009E6E41 /* main.m */ = {isa = PBXFileReference; lastKnownFileType = sourcecode.c.objc; path = main.m; sourceTree = "<group>"; };
		38233078197763CB009E6E41 /* MyLocations-Prefix.pch */ = {isa = PBXFileReference; lastKnownFileType = sourcecode.c.h; path = "MyLocations-Prefix.pch"; sourceTree = "<group>"; };
		38233079197763CB009E6E41 /* AppDelegate.h */ = {isa = PBXFileReference; lastKnownFileType = sourcecode.c.h; path = AppDelegate.h; sourceTree = "<group>"; };
		3823307A197763CB009E6E41 /* AppDelegate.m */ = {isa = PBXFileReference; lastKnownFileType = sourcecode.c.objc; path = AppDelegate.m; sourceTree = "<group>"; };
		3823307D197763CB009E6E41 /* Base */ = {isa = PBXFileReference; lastKnownFileType = file.storyboard; name = Base; path = Base.lproj/Main.storyboard; sourceTree = "<group>"; };
		3823307F197763CB009E6E41 /* CurrentViewController.h */ = {isa = PBXFileReference; lastKnownFileType = sourcecode.c.h; path = CurrentViewController.h; sourceTree = "<group>"; };
		38233080197763CB009E6E41 /* CurrentViewController.m */ = {isa = PBXFileReference; lastKnownFileType = sourcecode.c.objc; path = CurrentViewController.m; sourceTree = "<group>"; };
		38233082197763CB009E6E41 /* SecondViewController.h */ = {isa = PBXFileReference; lastKnownFileType = sourcecode.c.h; path = SecondViewController.h; sourceTree = "<group>"; };
		38233083197763CB009E6E41 /* SecondViewController.m */ = {isa = PBXFileReference; lastKnownFileType = sourcecode.c.objc; path = SecondViewController.m; sourceTree = "<group>"; };
		38233085197763CC009E6E41 /* Images.xcassets */ = {isa = PBXFileReference; lastKnownFileType = folder.assetcatalog; path = Images.xcassets; sourceTree = "<group>"; };
		3823308B197763CC009E6E41 /* MyLocationsTests.xctest */ = {isa = PBXFileReference; explicitFileType = wrapper.cfbundle; includeInIndex = 0; path = MyLocationsTests.xctest; sourceTree = BUILT_PRODUCTS_DIR; };
		3823308C197763CC009E6E41 /* XCTest.framework */ = {isa = PBXFileReference; lastKnownFileType = wrapper.framework; name = XCTest.framework; path = Library/Frameworks/XCTest.framework; sourceTree = DEVELOPER_DIR; };
		38233094197763CC009E6E41 /* MyLocationsTests-Info.plist */ = {isa = PBXFileReference; lastKnownFileType = text.plist.xml; path = "MyLocationsTests-Info.plist"; sourceTree = "<group>"; };
		38233096197763CC009E6E41 /* en */ = {isa = PBXFileReference; lastKnownFileType = text.plist.strings; name = en; path = en.lproj/InfoPlist.strings; sourceTree = "<group>"; };
		38233098197763CC009E6E41 /* MyLocationsTests.m */ = {isa = PBXFileReference; lastKnownFileType = sourcecode.c.objc; path = MyLocationsTests.m; sourceTree = "<group>"; };
		382330A519776D94009E6E41 /* CoreLocation.framework */ = {isa = PBXFileReference; lastKnownFileType = wrapper.framework; name = CoreLocation.framework; path = System/Library/Frameworks/CoreLocation.framework; sourceTree = SDKROOT; };
/* End PBXFileReference section */

/* Begin PBXFrameworksBuildPhase section */
		38233064197763CB009E6E41 /* Frameworks */ = {
			isa = PBXFrameworksBuildPhase;
			buildActionMask = 2147483647;
			files = (
				382330A619776D94009E6E41 /* CoreLocation.framework in Frameworks */,
				3823306D197763CB009E6E41 /* CoreGraphics.framework in Frameworks */,
				3823306F197763CB009E6E41 /* UIKit.framework in Frameworks */,
				3823306B197763CB009E6E41 /* Foundation.framework in Frameworks */,
			);
			runOnlyForDeploymentPostprocessing = 0;
		};
		38233088197763CC009E6E41 /* Frameworks */ = {
			isa = PBXFrameworksBuildPhase;
			buildActionMask = 2147483647;
			files = (
				3823308D197763CC009E6E41 /* XCTest.framework in Frameworks */,
				3823308F197763CC009E6E41 /* UIKit.framework in Frameworks */,
				3823308E197763CC009E6E41 /* Foundation.framework in Frameworks */,
			);
			runOnlyForDeploymentPostprocessing = 0;
		};
/* End PBXFrameworksBuildPhase section */

/* Begin PBXGroup section */
		3823305E197763CB009E6E41 = {
			isa = PBXGroup;
			children = (
				38233070197763CB009E6E41 /* MyLocations */,
				38233092197763CC009E6E41 /* MyLocationsTests */,
				38233069197763CB009E6E41 /* Frameworks */,
				38233068197763CB009E6E41 /* Products */,
			);
			sourceTree = "<group>";
		};
		38233068197763CB009E6E41 /* Products */ = {
			isa = PBXGroup;
			children = (
				38233067197763CB009E6E41 /* MyLocations.app */,
				3823308B197763CC009E6E41 /* MyLocationsTests.xctest */,
			);
			name = Products;
			sourceTree = "<group>";
		};
		38233069197763CB009E6E41 /* Frameworks */ = {
			isa = PBXGroup;
			children = (
				382330A519776D94009E6E41 /* CoreLocation.framework */,
				3823306A197763CB009E6E41 /* Foundation.framework */,
				3823306C197763CB009E6E41 /* CoreGraphics.framework */,
				3823306E197763CB009E6E41 /* UIKit.framework */,
				3823308C197763CC009E6E41 /* XCTest.framework */,
			);
			name = Frameworks;
			sourceTree = "<group>";
		};
		38233070197763CB009E6E41 /* MyLocations */ = {
			isa = PBXGroup;
			children = (
				38233079197763CB009E6E41 /* AppDelegate.h */,
				3823307A197763CB009E6E41 /* AppDelegate.m */,
				382330A41977643C009E6E41 /* Model */,
				382330A319776434009E6E41 /* View */,
				382330A219776429009E6E41 /* Controller */,
				38233085197763CC009E6E41 /* Images.xcassets */,
				38233071197763CB009E6E41 /* Supporting Files */,
			);
			path = MyLocations;
			sourceTree = "<group>";
		};
		38233071197763CB009E6E41 /* Supporting Files */ = {
			isa = PBXGroup;
			children = (
				38233072197763CB009E6E41 /* MyLocations-Info.plist */,
				38233073197763CB009E6E41 /* InfoPlist.strings */,
				38233076197763CB009E6E41 /* main.m */,
				38233078197763CB009E6E41 /* MyLocations-Prefix.pch */,
			);
			name = "Supporting Files";
			sourceTree = "<group>";
		};
		38233092197763CC009E6E41 /* MyLocationsTests */ = {
			isa = PBXGroup;
			children = (
				38233098197763CC009E6E41 /* MyLocationsTests.m */,
				38233093197763CC009E6E41 /* Supporting Files */,
			);
			path = MyLocationsTests;
			sourceTree = "<group>";
		};
		38233093197763CC009E6E41 /* Supporting Files */ = {
			isa = PBXGroup;
			children = (
				38233094197763CC009E6E41 /* MyLocationsTests-Info.plist */,
				38233095197763CC009E6E41 /* InfoPlist.strings */,
			);
			name = "Supporting Files";
			sourceTree = "<group>";
		};
		382330A219776429009E6E41 /* Controller */ = {
			isa = PBXGroup;
			children = (
				3823307F197763CB009E6E41 /* CurrentViewController.h */,
				38233080197763CB009E6E41 /* CurrentViewController.m */,
				38233082197763CB009E6E41 /* SecondViewController.h */,
				38233083197763CB009E6E41 /* SecondViewController.m */,
			);
			name = Controller;
			sourceTree = "<group>";
		};
		382330A319776434009E6E41 /* View */ = {
			isa = PBXGroup;
			children = (
				3823307C197763CB009E6E41 /* Main.storyboard */,
			);
			name = View;
			sourceTree = "<group>";
		};
		382330A41977643C009E6E41 /* Model */ = {
			isa = PBXGroup;
			children = (
			);
			name = Model;
			sourceTree = "<group>";
		};
/* End PBXGroup section */

/* Begin PBXNativeTarget section */
		38233066197763CB009E6E41 /* MyLocations */ = {
			isa = PBXNativeTarget;
			buildConfigurationList = 3823309C197763CC009E6E41 /* Build configuration list for PBXNativeTarget "MyLocations" */;
			buildPhases = (
				38233063197763CB009E6E41 /* Sources */,
				38233064197763CB009E6E41 /* Frameworks */,
				38233065197763CB009E6E41 /* Resources */,
			);
			buildRules = (
			);
			dependencies = (
			);
			name = MyLocations;
			productName = MyLocations;
			productReference = 38233067197763CB009E6E41 /* MyLocations.app */;
			productType = "com.apple.product-type.application";
		};
		3823308A197763CC009E6E41 /* MyLocationsTests */ = {
			isa = PBXNativeTarget;
			buildConfigurationList = 3823309F197763CC009E6E41 /* Build configuration list for PBXNativeTarget "MyLocationsTests" */;
			buildPhases = (
				38233087197763CC009E6E41 /* Sources */,
				38233088197763CC009E6E41 /* Frameworks */,
				38233089197763CC009E6E41 /* Resources */,
			);
			buildRules = (
			);
			dependencies = (
				38233091197763CC009E6E41 /* PBXTargetDependency */,
			);
			name = MyLocationsTests;
			productName = MyLocationsTests;
			productReference = 3823308B197763CC009E6E41 /* MyLocationsTests.xctest */;
			productType = "com.apple.product-type.bundle.unit-test";
		};
/* End PBXNativeTarget section */

/* Begin PBXProject section */
		3823305F197763CB009E6E41 /* Project object */ = {
			isa = PBXProject;
			attributes = {
				LastUpgradeCheck = 0510;
				ORGANIZATIONNAME = "Leonardo Lee";
				TargetAttributes = {
					3823308A197763CC009E6E41 = {
						TestTargetID = 38233066197763CB009E6E41;
					};
				};
			};
			buildConfigurationList = 38233062197763CB009E6E41 /* Build configuration list for PBXProject "MyLocations" */;
			compatibilityVersion = "Xcode 3.2";
			developmentRegion = English;
			hasScannedForEncodings = 0;
			knownRegions = (
				en,
				Base,
			);
			mainGroup = 3823305E197763CB009E6E41;
			productRefGroup = 38233068197763CB009E6E41 /* Products */;
			projectDirPath = "";
			projectRoot = "";
			targets = (
				38233066197763CB009E6E41 /* MyLocations */,
				3823308A197763CC009E6E41 /* MyLocationsTests */,
			);
		};
/* End PBXProject section */

/* Begin PBXResourcesBuildPhase section */
		38233065197763CB009E6E41 /* Resources */ = {
			isa = PBXResourcesBuildPhase;
			buildActionMask = 2147483647;
			files = (
				38233086197763CC009E6E41 /* Images.xcassets in Resources */,
				38233075197763CB009E6E41 /* InfoPlist.strings in Resources */,
				3823307E197763CB009E6E41 /* Main.storyboard in Resources */,
			);
			runOnlyForDeploymentPostprocessing = 0;
		};
		38233089197763CC009E6E41 /* Resources */ = {
			isa = PBXResourcesBuildPhase;
			buildActionMask = 2147483647;
			files = (
				38233097197763CC009E6E41 /* InfoPlist.strings in Resources */,
			);
			runOnlyForDeploymentPostprocessing = 0;
		};
/* End PBXResourcesBuildPhase section */

/* Begin PBXSourcesBuildPhase section */
		38233063197763CB009E6E41 /* Sources */ = {
			isa = PBXSourcesBuildPhase;
			buildActionMask = 2147483647;
			files = (
				38233084197763CB009E6E41 /* SecondViewController.m in Sources */,
				3823307B197763CB009E6E41 /* AppDelegate.m in Sources */,
				38233081197763CB009E6E41 /* CurrentViewController.m in Sources */,
				38233077197763CB009E6E41 /* main.m in Sources */,
			);
			runOnlyForDeploymentPostprocessing = 0;
		};
		38233087197763CC009E6E41 /* Sources */ = {
			isa = PBXSourcesBuildPhase;
			buildActionMask = 2147483647;
			files = (
				38233099197763CC009E6E41 /* MyLocationsTests.m in Sources */,
			);
			runOnlyForDeploymentPostprocessing = 0;
		};
/* End PBXSourcesBuildPhase section */

/* Begin PBXTargetDependency section */
		38233091197763CC009E6E41 /* PBXTargetDependency */ = {
			isa = PBXTargetDependency;
			target = 38233066197763CB009E6E41 /* MyLocations */;
			targetProxy = 38233090197763CC009E6E41 /* PBXContainerItemProxy */;
		};
/* End PBXTargetDependency section */

/* Begin PBXVariantGroup section */
		38233073197763CB009E6E41 /* InfoPlist.strings */ = {
			isa = PBXVariantGroup;
			children = (
				38233074197763CB009E6E41 /* en */,
			);
			name = InfoPlist.strings;
			sourceTree = "<group>";
		};
		3823307C197763CB009E6E41 /* Main.storyboard */ = {
			isa = PBXVariantGroup;
			children = (
				3823307D197763CB009E6E41 /* Base */,
			);
			name = Main.storyboard;
			sourceTree = "<group>";
		};
		38233095197763CC009E6E41 /* InfoPlist.strings */ = {
			isa = PBXVariantGroup;
			children = (
				38233096197763CC009E6E41 /* en */,
			);
			name = InfoPlist.strings;
			sourceTree = "<group>";
		};
/* End PBXVariantGroup section */

/* Begin XCBuildConfiguration section */
		3823309A197763CC009E6E41 /* Debug */ = {
			isa = XCBuildConfiguration;
			buildSettings = {
				ALWAYS_SEARCH_USER_PATHS = NO;
				CLANG_CXX_LANGUAGE_STANDARD = "gnu++0x";
				CLANG_CXX_LIBRARY = "libc++";
				CLANG_ENABLE_MODULES = YES;
				CLANG_ENABLE_OBJC_ARC = YES;
				CLANG_WARN_BOOL_CONVERSION = YES;
				CLANG_WARN_CONSTANT_CONVERSION = YES;
				CLANG_WARN_DIRECT_OBJC_ISA_USAGE = YES_ERROR;
				CLANG_WARN_EMPTY_BODY = YES;
				CLANG_WARN_ENUM_CONVERSION = YES;
				CLANG_WARN_INT_CONVERSION = YES;
				CLANG_WARN_OBJC_ROOT_CLASS = YES_ERROR;
				CLANG_WARN__DUPLICATE_METHOD_MATCH = YES;
				"CODE_SIGN_IDENTITY[sdk=iphoneos*]" = "iPhone Developer";
				COPY_PHASE_STRIP = NO;
				GCC_C_LANGUAGE_STANDARD = gnu99;
				GCC_DYNAMIC_NO_PIC = NO;
				GCC_OPTIMIZATION_LEVEL = 0;
				GCC_PREPROCESSOR_DEFINITIONS = (
					"DEBUG=1",
					"$(inherited)",
				);
				GCC_SYMBOLS_PRIVATE_EXTERN = NO;
				GCC_WARN_64_TO_32_BIT_CONVERSION = YES;
				GCC_WARN_ABOUT_RETURN_TYPE = YES_ERROR;
				GCC_WARN_UNDECLARED_SELECTOR = YES;
				GCC_WARN_UNINITIALIZED_AUTOS = YES_AGGRESSIVE;
				GCC_WARN_UNUSED_FUNCTION = YES;
				GCC_WARN_UNUSED_VARIABLE = YES;
				IPHONEOS_DEPLOYMENT_TARGET = 7.1;
				ONLY_ACTIVE_ARCH = YES;
				SDKROOT = iphoneos;
			};
			name = Debug;
		};
		3823309B197763CC009E6E41 /* Release */ = {
			isa = XCBuildConfiguration;
			buildSettings = {
				ALWAYS_SEARCH_USER_PATHS = NO;
				CLANG_CXX_LANGUAGE_STANDARD = "gnu++0x";
				CLANG_CXX_LIBRARY = "libc++";
				CLANG_ENABLE_MODULES = YES;
				CLANG_ENABLE_OBJC_ARC = YES;
				CLANG_WARN_BOOL_CONVERSION = YES;
				CLANG_WARN_CONSTANT_CONVERSION = YES;
				CLANG_WARN_DIRECT_OBJC_ISA_USAGE = YES_ERROR;
				CLANG_WARN_EMPTY_BODY = YES;
				CLANG_WARN_ENUM_CONVERSION = YES;
				CLANG_WARN_INT_CONVERSION = YES;
				CLANG_WARN_OBJC_ROOT_CLASS = YES_ERROR;
				CLANG_WARN__DUPLICATE_METHOD_MATCH = YES;
				"CODE_SIGN_IDENTITY[sdk=iphoneos*]" = "iPhone Developer";
				COPY_PHASE_STRIP = YES;
				ENABLE_NS_ASSERTIONS = NO;
				GCC_C_LANGUAGE_STANDARD = gnu99;
				GCC_WARN_64_TO_32_BIT_CONVERSION = YES;
				GCC_WARN_ABOUT_RETURN_TYPE = YES_ERROR;
				GCC_WARN_UNDECLARED_SELECTOR = YES;
				GCC_WARN_UNINITIALIZED_AUTOS = YES_AGGRESSIVE;
				GCC_WARN_UNUSED_FUNCTION = YES;
				GCC_WARN_UNUSED_VARIABLE = YES;
				IPHONEOS_DEPLOYMENT_TARGET = 7.1;
				SDKROOT = iphoneos;
				VALIDATE_PRODUCT = YES;
			};
			name = Release;
		};
		3823309D197763CC009E6E41 /* Debug */ = {
			isa = XCBuildConfiguration;
			buildSettings = {
				ASSETCATALOG_COMPILER_APPICON_NAME = AppIcon;
				ASSETCATALOG_COMPILER_LAUNCHIMAGE_NAME = LaunchImage;
				GCC_PRECOMPILE_PREFIX_HEADER = YES;
				GCC_PREFIX_HEADER = "MyLocations/MyLocations-Prefix.pch";
				INFOPLIST_FILE = "MyLocations/MyLocations-Info.plist";
				PRODUCT_NAME = "$(TARGET_NAME)";
				WRAPPER_EXTENSION = app;
			};
			name = Debug;
		};
		3823309E197763CC009E6E41 /* Release */ = {
			isa = XCBuildConfiguration;
			buildSettings = {
				ASSETCATALOG_COMPILER_APPICON_NAME = AppIcon;
				ASSETCATALOG_COMPILER_LAUNCHIMAGE_NAME = LaunchImage;
				GCC_PRECOMPILE_PREFIX_HEADER = YES;
				GCC_PREFIX_HEADER = "MyLocations/MyLocations-Prefix.pch";
				INFOPLIST_FILE = "MyLocations/MyLocations-Info.plist";
				PRODUCT_NAME = "$(TARGET_NAME)";
				WRAPPER_EXTENSION = app;
			};
			name = Release;
		};
		382330A0197763CC009E6E41 /* Debug */ = {
			isa = XCBuildConfiguration;
			buildSettings = {
				BUNDLE_LOADER = "$(BUILT_PRODUCTS_DIR)/MyLocations.app/MyLocations";
				FRAMEWORK_SEARCH_PATHS = (
					"$(SDKROOT)/Developer/Library/Frameworks",
					"$(inherited)",
					"$(DEVELOPER_FRAMEWORKS_DIR)",
				);
				GCC_PRECOMPILE_PREFIX_HEADER = YES;
				GCC_PREFIX_HEADER = "MyLocations/MyLocations-Prefix.pch";
				GCC_PREPROCESSOR_DEFINITIONS = (
					"DEBUG=1",
					"$(inherited)",
				);
				INFOPLIST_FILE = "MyLocationsTests/MyLocationsTests-Info.plist";
				PRODUCT_NAME = "$(TARGET_NAME)";
				TEST_HOST = "$(BUNDLE_LOADER)";
				WRAPPER_EXTENSION = xctest;
			};
			name = Debug;
		};
		382330A1197763CC009E6E41 /* Release */ = {
			isa = XCBuildConfiguration;
			buildSettings = {
				BUNDLE_LOADER = "$(BUILT_PRODUCTS_DIR)/MyLocations.app/MyLocations";
				FRAMEWORK_SEARCH_PATHS = (
					"$(SDKROOT)/Developer/Library/Frameworks",
					"$(inherited)",
					"$(DEVELOPER_FRAMEWORKS_DIR)",
				);
				GCC_PRECOMPILE_PREFIX_HEADER = YES;
				GCC_PREFIX_HEADER = "MyLocations/MyLocations-Prefix.pch";
				INFOPLIST_FILE = "MyLocationsTests/MyLocationsTests-Info.plist";
				PRODUCT_NAME = "$(TARGET_NAME)";
				TEST_HOST = "$(BUNDLE_LOADER)";
				WRAPPER_EXTENSION = xctest;
			};
			name = Release;
		};
/* End XCBuildConfiguration section */

/* Begin XCConfigurationList section */
		38233062197763CB009E6E41 /* Build configuration list for PBXProject "MyLocations" */ = {
			isa = XCConfigurationList;
			buildConfigurations = (
				3823309A197763CC009E6E41 /* Debug */,
				3823309B197763CC009E6E41 /* Release */,
			);
			defaultConfigurationIsVisible = 0;
			defaultConfigurationName = Release;
		};
		3823309C197763CC009E6E41 /* Build configuration list for PBXNativeTarget "MyLocations" */ = {
			isa = XCConfigurationList;
			buildConfigurations = (
				3823309D197763CC009E6E41 /* Debug */,
				3823309E197763CC009E6E41 /* Release */,
			);
			defaultConfigurationIsVisible = 0;
		};
		3823309F197763CC009E6E41 /* Build configuration list for PBXNativeTarget "MyLocationsTests" */ = {
			isa = XCConfigurationList;
			buildConfigurations = (
				382330A0197763CC009E6E41 /* Debug */,
				382330A1197763CC009E6E41 /* Release */,
			);
			defaultConfigurationIsVisible = 0;
		};
/* End XCConfigurationList section */
	};
	rootObject = 3823305F197763CB009E6E41 /* Project object */;
}
